
Microsoft Visual Studio Solution File, Format Version 12.00
# Visual Studio Version 17
VisualStudioVersion = 17.2.32519.379
MinimumVisualStudioVersion = 10.0.40219.1
Project("{FAE04EC0-301F-11D3-BF4B-00C04F79EFBC}") = "SplashScreen1", "SplashScreen1.csproj", "{1229D280-086B-470B-8D2C-DF09797A361D}"
EndProject
Global
	GlobalSection(SolutionConfigurationPlatforms) = preSolution
		Debug|Any CPU = Debug|Any CPU
		Release|Any CPU = Release|Any CPU
	EndGlobalSection
	GlobalSection(ProjectConfigurationPlatforms) = postSolution
		{1229D280-086B-470B-8D2C-DF09797A361D}.Debug|Any CPU.ActiveCfg = Debug|Any CPU
		{1229D280-086B-470B-8D2C-DF09797A361D}.Debug|Any CPU.Build.0 = Debug|Any CPU
		{1229D280-086B-470B-8D2C-DF09797A361D}.Debug|Any CPU.Deploy.0 = Debug|Any CPU
		{1229D280-086B-470B-8D2C-DF09797A361D}.Release|Any CPU.ActiveCfg = Release|Any CPU
		{1229D280-086B-470B-8D2C-DF09797A361D}.Release|Any CPU.Build.0 = Release|Any CPU
		{1229D280-086B-470B-8D2C-DF09797A361D}.Release|Any CPU.Deploy.0 = Release|Any CPU
	EndGlobalSection
	GlobalSection(SolutionProperties) = preSolution
		HideSolutionNode = FALSE
	EndGlobalSection
	GlobalSection(ExtensibilityGlobals) = postSolution
		SolutionGuid = {6D90E570-B633-4462-BD56-688EBC646F2F}
	EndGlobalSection
EndGlobal
